
Microsoft Visual Studio Solution File, Format Version 12.00
# Visual Studio Version 16
VisualStudioVersion = 16.0.31702.278
MinimumVisualStudioVersion = 10.0.40219.1
Project("{FAE04EC0-301F-11D3-BF4B-00C04F79EFBC}") = "DiplomaWpf", "DiplomaWpf\DiplomaWpf.csproj", "{AECF445F-9005-4979-98DB-DAB39000EB9D}"
EndProject
Global
	GlobalSection(SolutionConfigurationPlatforms) = preSolution
		Debug|Any CPU = Debug|Any CPU
		Release|Any CPU = Release|Any CPU
	EndGlobalSection
	GlobalSection(ProjectConfigurationPlatforms) = postSolution
		{AECF445F-9005-4979-98DB-DAB39000EB9D}.Debug|Any CPU.ActiveCfg = Debug|Any CPU
		{AECF445F-9005-4979-98DB-DAB39000EB9D}.Debug|Any CPU.Build.0 = Debug|Any CPU
		{AECF445F-9005-4979-98DB-DAB39000EB9D}.Release|Any CPU.ActiveCfg = Release|Any CPU
		{AECF445F-9005-4979-98DB-DAB39000EB9D}.Release|Any CPU.Build.0 = Release|Any CPU
	EndGlobalSection
	GlobalSection(SolutionProperties) = preSolution
		HideSolutionNode = FALSE
	EndGlobalSection
	GlobalSection(ExtensibilityGlobals) = postSolution
		SolutionGuid = {04D7E3FF-9926-494C-BEB1-D223EF1C7881}
	EndGlobalSection
EndGlobal
